
Microsoft Visual Studio Solution File, Format Version 12.00
# Visual Studio Version 17
VisualStudioVersion = 17.10.35013.160
MinimumVisualStudioVersion = 10.0.40219.1
Project("{9A19103F-16F7-4668-BE54-9A1E7A4F7556}") = "SPweb", "SPweb\SPweb.csproj", "{F3A63D4B-4F82-4751-B71C-917316374340}"
EndProject
Global
	GlobalSection(SolutionConfigurationPlatforms) = preSolution
		Debug|Any CPU = Debug|Any CPU
		Release|Any CPU = Release|Any CPU
	EndGlobalSection
	GlobalSection(ProjectConfigurationPlatforms) = postSolution
		{F3A63D4B-4F82-4751-B71C-917316374340}.Debug|Any CPU.ActiveCfg = Debug|Any CPU
		{F3A63D4B-4F82-4751-B71C-917316374340}.Debug|Any CPU.Build.0 = Debug|Any CPU
		{F3A63D4B-4F82-4751-B71C-917316374340}.Release|Any CPU.ActiveCfg = Release|Any CPU
		{F3A63D4B-4F82-4751-B71C-917316374340}.Release|Any CPU.Build.0 = Release|Any CPU
	EndGlobalSection
	GlobalSection(SolutionProperties) = preSolution
		HideSolutionNode = FALSE
	EndGlobalSection
	GlobalSection(ExtensibilityGlobals) = postSolution
		SolutionGuid = {8A534321-D1A6-4633-9AD0-DE4ABD906473}
	EndGlobalSection
EndGlobal
